# This file was autogenerated by Stack.
# You should not edit this file by hand.
# For more information, please see the documentation at:
#   https://docs.haskellstack.org/en/stable/lock_files

packages:
- completed:
    hackage: scotty-0.22@sha256:12365f7867e50368db053b0f3aac96a0bdaace0ff2058cb4a8f17fc10fcea6f7,6022
    pantry-tree:
      sha256: 3a03a4f645359bca573cd70037a721090e1e95fdf927ae3eb3eb36ab381c2bbd
      size: 2138
  original:
    hackage: scotty-0.22
- completed:
    hackage: cryptostore-0.3.0.1@sha256:9031c0b8c05d34bd7331a24c5ebc7704aea00d6c1b0978ae25d79501c4d7c6cf,4219
    pantry-tree:
      sha256: 8175f2cfbfb905f2515d54b8f836af19c1773012fe9c75c69fa306efbb1686bb
      size: 8675
  original:
    hackage: cryptostore-0.3.0.1
snapshots:
- completed:
    sha256: 48ac4445a1906866c846cd2a3a9c28fcdf3b2066237e49405dbe56ce1974a043
    size: 713334
    url: https://mirrors.tuna.tsinghua.edu.cn/stackage/stackage-snapshots/lts/22/14.yaml
  original: lts-22.14
