# This file was autogenerated by Stack.
# You should not edit this file by hand.
# For more information, please see the documentation at:
#   https://docs.haskellstack.org/en/stable/topics/lock_files

packages:
- completed:
    hackage: polysemy-zoo-0.8.2.0@sha256:bd8f802cb0402082053b3b0b97c8b551b071a14960e6b271a5b78be728b73a24,3952
    pantry-tree:
      sha256: 6ba0b1b3b7390946be95267809be44377b2c15da2fae9904fa763f1cbfcb39fd
      size: 2904
  original:
    hackage: polysemy-zoo-0.8.2.0
- completed:
    hackage: suspend-0.2.0.0@sha256:0d98526558b773c3ff792664bc45d7a083a32eedb6206d4101a7570869c75a28,1115
    pantry-tree:
      sha256: 70600cf9fc141612dcfb21573c4ccbec59922fb218b384ed380458cf6b0c67e6
      size: 424
  original:
    hackage: suspend-0.2.0.0
- completed:
    hackage: timers-0.2.0.4@sha256:081e81f1f7384795acc4f887cf3c07cc6e7a9c1bf6e65f0f94507f3d2e0585c2,1175
    pantry-tree:
      sha256: 823d891414384524ff8f735d8ab912deff9fc64f97f4560ace392028cbf27bd0
      size: 424
  original:
    hackage: timers-0.2.0.4
- completed:
    hackage: cryptostore-0.3.0.1@sha256:9031c0b8c05d34bd7331a24c5ebc7704aea00d6c1b0978ae25d79501c4d7c6cf,4219
    pantry-tree:
      sha256: 8175f2cfbfb905f2515d54b8f836af19c1773012fe9c75c69fa306efbb1686bb
      size: 8675
  original:
    hackage: cryptostore-0.3.0.1
- completed:
    hackage: time-units-1.0.0@sha256:27cf54091c4a0ca73d504fc11d5c31ab4041d17404fe3499945e2055697746c1,928
    pantry-tree:
      sha256: 9b516d4195fcea22cd1f4335cfe210e88deca397ba7dacc494d5a2feb69e1af8
      size: 212
  original:
    hackage: time-units-1.0.0
- completed:
    hackage: ini-0.4.2@sha256:d49131863e2957386d228c53773c25d1262de490728c6c19b85064eb4422c3e6,1658
    pantry-tree:
      sha256: 5f86edc24679d8076263a01d9915d1816172d3b59221883e3c0855459d1153bc
      size: 356
  original:
    hackage: ini-0.4.2
- completed:
    hackage: digest-0.0.2.1@sha256:938215f33ed3546dc2f059f3707f7370e9e9e1c0285cac16379ebfa45e9054c0,3623
    pantry-tree:
      sha256: 3246db635be9d76d3df53ec3485d27ed1fac0bf7e2ea7d612fe299cd04164942
      size: 1807
  original:
    hackage: digest-0.0.2.1
- completed:
    hackage: mason-0.2.6@sha256:87e6233cf21222c2bb3392e453ad9ee4257a850c75bfb2537461f60574ce87e9,1274
    pantry-tree:
      sha256: 1aa88dd022085f58cb5f5f32ea0f576522e507d3a5dbe962316b8a01487e88b2
      size: 575
  original:
    hackage: mason-0.2.6
snapshots:
- completed:
    sha256: c320c36b8a392602c9076bdd0c656e12dcab30f294105a50c3f8ef963c4c3a0d
    size: 726760
    url: https://raw.githubusercontent.com/commercialhaskell/stackage-snapshots/master/lts/24/27.yaml
  original: lts-24.27
